<?xml version="1.0" encoding="utf-8"?>
<Project ToolsVersion="4.0" xmlns="http://schemas.microsoft.com/developer/msbuild/2003">
  <ItemGroup>
    <Filter Include="Source Files">
      <UniqueIdentifier>{4FC737F1-C7A5-4376-A066-2A32D752A2FF}</UniqueIdentifier>
      <Extensions>cpp;c;cc;cxx;def;odl;idl;hpj;bat;asm;asmx</Extensions>
    </Filter>
    <Filter Include="Header Files">
      <UniqueIdentifier>{93995380-89BD-4b04-88EB-625FBE52EBFB}</UniqueIdentifier>
      <Extensions>h;hpp;hxx;hm;inl;inc;xsd</Extensions>
    </Filter>
    <Filter Include="Resource Files">
      <UniqueIdentifier>{67DA6AB6-F800-4c08-8B7A-83BB121AAD01}</UniqueIdentifier>
      <Extensions>rc;ico;cur;bmp;dlg;rc2;rct;bin;rgs;gif;jpg;jpeg;jpe;resx;tiff;tif;png;wav;mfcribbon-ms</Extensions>
    </Filter>
    <Filter Include="Header Files\Rules">
      <UniqueIdentifier>{250624bd-e310-4bc7-8213-9dc84c5543fb}</UniqueIdentifier>
    </Filter>
    <Filter Include="Source Files\Rules">
      <UniqueIdentifier>{5879f326-93b9-472e-a9d5-bb1e5186de6a}</UniqueIdentifier>
    </Filter>
  </ItemGroup>
  <ItemGroup>
    <ClCompile Include="main.cpp">
      <Filter>Source Files</Filter>
    </ClCompile>
    <ClCompile Include="Goban.cpp">
      <Filter>Source Files</Filter>
    </ClCompile>
    <ClCompile Include="Referrer.cpp">
      <Filter>Source Files</Filter>
    </ClCompile>
    <ClCompile Include="EachInTurnRule.cpp">
      <Filter>Source Files\Rules</Filter>
    </ClCompile>
    <ClCompile Include="NotEmptyRule.cpp">
      <Filter>Source Files\Rules</Filter>
    </ClCompile>
    <ClCompile Include="TakingRules.cpp">
      <Filter>Source Files\Rules</Filter>
    </ClCompile>
    <ClCompile Include="VictoryCapturesRule.cpp">
      <Filter>Source Files\Rules</Filter>
    </ClCompile>
    <ClCompile Include="VictoryAlignment.cpp">
      <Filter>Source Files\Rules</Filter>
    </ClCompile>
    <ClCompile Include="DoubleThree.cpp">
      <Filter>Source Files\Rules</Filter>
    </ClCompile>
    <ClCompile Include="LastTaking.cpp">
      <Filter>Source Files\Rules</Filter>
    </ClCompile>
  </ItemGroup>
  <ItemGroup>
    <ClInclude Include="Goban.h">
      <Filter>Header Files</Filter>
    </ClInclude>
    <ClInclude Include="Referrer.h">
      <Filter>Header Files</Filter>
    </ClInclude>
    <ClInclude Include="IRule.h">
      <Filter>Header Files</Filter>
    </ClInclude>
    <ClInclude Include="EachInTurnRule.h">
      <Filter>Header Files\Rules</Filter>
    </ClInclude>
    <ClInclude Include="NotEmptyRule.h">
      <Filter>Header Files\Rules</Filter>
    </ClInclude>
    <ClInclude Include="TakingRules.h">
      <Filter>Header Files\Rules</Filter>
    </ClInclude>
    <ClInclude Include="VictoryCapturesRule.h">
      <Filter>Header Files\Rules</Filter>
    </ClInclude>
    <ClInclude Include="VictoryAlignment.h">
      <Filter>Header Files\Rules</Filter>
    </ClInclude>
    <ClInclude Include="DoubleThree.h">
      <Filter>Header Files\Rules</Filter>
    </ClInclude>
    <ClInclude Include="LastTaking.h">
      <Filter>Header Files\Rules</Filter>
    </ClInclude>
  </ItemGroup>
</Project>